
Microsoft Visual Studio Solution File, Format Version 12.00
# Visual Studio Version 17
VisualStudioVersion = 17.5.002.0
MinimumVisualStudioVersion = 10.0.40219.1
Project("{9A19103F-16F7-4668-BE54-9A1E7A4F7556}") = "dino", "dino\dino.csproj", "{03E813E6-5C22-43CF-AE1F-BF937366D76B}"
EndProject
Global
	GlobalSection(SolutionConfigurationPlatforms) = preSolution
		Debug|Any CPU = Debug|Any CPU
		Release|Any CPU = Release|Any CPU
	EndGlobalSection
	GlobalSection(ProjectConfigurationPlatforms) = postSolution
		{03E813E6-5C22-43CF-AE1F-BF937366D76B}.Debug|Any CPU.ActiveCfg = Debug|Any CPU
		{03E813E6-5C22-43CF-AE1F-BF937366D76B}.Debug|Any CPU.Build.0 = Debug|Any CPU
		{03E813E6-5C22-43CF-AE1F-BF937366D76B}.Release|Any CPU.ActiveCfg = Release|Any CPU
		{03E813E6-5C22-43CF-AE1F-BF937366D76B}.Release|Any CPU.Build.0 = Release|Any CPU
	EndGlobalSection
	GlobalSection(SolutionProperties) = preSolution
		HideSolutionNode = FALSE
	EndGlobalSection
	GlobalSection(ExtensibilityGlobals) = postSolution
		SolutionGuid = {7A33E098-00B0-4AAB-9D5E-930B0FC16204}
	EndGlobalSection
EndGlobal
